[[dependencies]]
name = "@openzeppelin-accounts"
version = "0.0.0-e4c2a32a"
git = "https://github.com/OpenZeppelin/openzeppelin-accounts.git"
rev = "e4c2a32ad7378741a3cc4f2030f7d21d5ac53d28"

[[dependencies]]
name = "@openzeppelin-contracts"
version = "5.7.0-rc.0"
git = "https://github.com/OpenZeppelin/openzeppelin-contracts.git"
rev = "v5.7.0-rc.0"

[[dependencies]]
name = "@openzeppelin-contracts-upgradeable"
version = "5.7.0-rc.0"
git = "https://github.com/OpenZeppelin/openzeppelin-contracts-upgradeable.git"
rev = "v5.7.0-rc.0"

[[dependencies]]
name = "forge-std"
version = "1.16.1"
url = "https://soldeer-revisions.s3.amazonaws.com/forge-std/1_16_1_08-05-2026_08:51:16_forge-std-1.16.zip"
checksum = "839b61832925c7152c7b6dffbfa4998d9e606211179bd8f604733124e8a7cb57"
integrity = "60e55d10150354ca4a1e2985c5456c834b92b82ef85ab0e1d92a7786cddbd219"

[[dependencies]]
name = "onchain-id"
version = "develop"
git = "https://github.com/T-REX-Network/ONCHAINID.git"
rev = "d2096509e3bed2589fff36f6f673498f47e23d73"
